
Microsoft Visual Studio Solution File, Format Version 12.00
# Visual Studio Version 17
VisualStudioVersion = 17.14.36908.2
MinimumVisualStudioVersion = 10.0.40219.1
Project("{FAE04EC0-301F-11D3-BF4B-00C04F79EFBC}") = "TiendaDeAgua", "TiendaDeAgua\TiendaDeAgua.csproj", "{4C3BAD90-5E1A-4AAB-95A5-D67F71A8B681}"
EndProject
Project("{FAE04EC0-301F-11D3-BF4B-00C04F79EFBC}") = "Utilidades", "Utilidades\Utilidades.csproj", "{A90110B0-A732-4521-9FEA-F8E2CBA7F40E}"
EndProject
Project("{FAE04EC0-301F-11D3-BF4B-00C04F79EFBC}") = "ComunServicioAiron", "ComunServicioAiron\ComunServicioAiron.csproj", "{BDDE635C-864A-4E9E-BF5E-7F7A9089F7FB}"
EndProject
Project("{54435603-DBB4-11D2-8724-00A0C9A8B90C}") = "Instalador", "Instalador\Instalador.vdproj", "{41A8D506-4326-D4A9-CD32-6616AE118243}"
EndProject
Global
	GlobalSection(SolutionConfigurationPlatforms) = preSolution
		Debug|Any CPU = Debug|Any CPU
		Release|Any CPU = Release|Any CPU
	EndGlobalSection
	GlobalSection(ProjectConfigurationPlatforms) = postSolution
		{4C3BAD90-5E1A-4AAB-95A5-D67F71A8B681}.Debug|Any CPU.ActiveCfg = Debug|Any CPU
		{4C3BAD90-5E1A-4AAB-95A5-D67F71A8B681}.Debug|Any CPU.Build.0 = Debug|Any CPU
		{4C3BAD90-5E1A-4AAB-95A5-D67F71A8B681}.Release|Any CPU.ActiveCfg = Release|Any CPU
		{4C3BAD90-5E1A-4AAB-95A5-D67F71A8B681}.Release|Any CPU.Build.0 = Release|Any CPU
		{A90110B0-A732-4521-9FEA-F8E2CBA7F40E}.Debug|Any CPU.ActiveCfg = Debug|Any CPU
		{A90110B0-A732-4521-9FEA-F8E2CBA7F40E}.Debug|Any CPU.Build.0 = Debug|Any CPU
		{A90110B0-A732-4521-9FEA-F8E2CBA7F40E}.Release|Any CPU.ActiveCfg = Release|Any CPU
		{A90110B0-A732-4521-9FEA-F8E2CBA7F40E}.Release|Any CPU.Build.0 = Release|Any CPU
		{BDDE635C-864A-4E9E-BF5E-7F7A9089F7FB}.Debug|Any CPU.ActiveCfg = Debug|Any CPU
		{BDDE635C-864A-4E9E-BF5E-7F7A9089F7FB}.Debug|Any CPU.Build.0 = Debug|Any CPU
		{BDDE635C-864A-4E9E-BF5E-7F7A9089F7FB}.Release|Any CPU.ActiveCfg = Release|Any CPU
		{BDDE635C-864A-4E9E-BF5E-7F7A9089F7FB}.Release|Any CPU.Build.0 = Release|Any CPU
		{41A8D506-4326-D4A9-CD32-6616AE118243}.Debug|Any CPU.ActiveCfg = Debug
		{41A8D506-4326-D4A9-CD32-6616AE118243}.Release|Any CPU.ActiveCfg = Release
	EndGlobalSection
	GlobalSection(SolutionProperties) = preSolution
		HideSolutionNode = FALSE
	EndGlobalSection
	GlobalSection(ExtensibilityGlobals) = postSolution
		SolutionGuid = {237E26D9-471C-4296-8C99-00A2DEAB5569}
	EndGlobalSection
EndGlobal
